
Microsoft Visual Studio Solution File, Format Version 12.00
# Visual Studio 15
VisualStudioVersion = 15.0.28307.329
MinimumVisualStudioVersion = 10.0.40219.1
Project("{9A19103F-16F7-4668-BE54-9A1E7A4F7556}") = "tests", "tests\tests.csproj", "{0A6371E4-BBDA-44AF-81C5-FBFDC779F454}"
EndProject
Project("{2150E333-8FDC-42A3-9474-1A3956D46DE8}") = "Solution Items", "Solution Items", "{0BA0058C-99CF-44AA-9C1B-DA6C344474CC}"
	ProjectSection(SolutionItems) = preProject
		docker\selenoid\browsers.json = docker\selenoid\browsers.json
		docker-compose.yml = docker-compose.yml
	EndProjectSection
EndProject
Global
	GlobalSection(SolutionConfigurationPlatforms) = preSolution
		Debug|Any CPU = Debug|Any CPU
		Release|Any CPU = Release|Any CPU
	EndGlobalSection
	GlobalSection(ProjectConfigurationPlatforms) = postSolution
		{0A6371E4-BBDA-44AF-81C5-FBFDC779F454}.Debug|Any CPU.ActiveCfg = Debug|Any CPU
		{0A6371E4-BBDA-44AF-81C5-FBFDC779F454}.Debug|Any CPU.Build.0 = Debug|Any CPU
		{0A6371E4-BBDA-44AF-81C5-FBFDC779F454}.Release|Any CPU.ActiveCfg = Release|Any CPU
		{0A6371E4-BBDA-44AF-81C5-FBFDC779F454}.Release|Any CPU.Build.0 = Release|Any CPU
	EndGlobalSection
	GlobalSection(SolutionProperties) = preSolution
		HideSolutionNode = FALSE
	EndGlobalSection
	GlobalSection(ExtensibilityGlobals) = postSolution
		SolutionGuid = {04A4430A-32E7-4F00-BCD6-7AE58DAE206C}
	EndGlobalSection
EndGlobal
